
Microsoft Visual Studio Solution File, Format Version 12.00
# Visual Studio Version 17
VisualStudioVersion = 17.13.35828.75 d17.13
MinimumVisualStudioVersion = 10.0.40219.1
Project("{FAE04EC0-301F-11D3-BF4B-00C04F79EFBC}") = "BulkyWeb", "BulkyWeb\BulkyWeb.csproj", "{A05D7384-E1C9-4283-B66F-F7EF1F8A8A70}"
EndProject
Global
	GlobalSection(SolutionConfigurationPlatforms) = preSolution
		Debug|Any CPU = Debug|Any CPU
		Release|Any CPU = Release|Any CPU
	EndGlobalSection
	GlobalSection(ProjectConfigurationPlatforms) = postSolution
		{A05D7384-E1C9-4283-B66F-F7EF1F8A8A70}.Debug|Any CPU.ActiveCfg = Debug|Any CPU
		{A05D7384-E1C9-4283-B66F-F7EF1F8A8A70}.Debug|Any CPU.Build.0 = Debug|Any CPU
		{A05D7384-E1C9-4283-B66F-F7EF1F8A8A70}.Release|Any CPU.ActiveCfg = Release|Any CPU
		{A05D7384-E1C9-4283-B66F-F7EF1F8A8A70}.Release|Any CPU.Build.0 = Release|Any CPU
	EndGlobalSection
	GlobalSection(SolutionProperties) = preSolution
		HideSolutionNode = FALSE
	EndGlobalSection
	GlobalSection(ExtensibilityGlobals) = postSolution
		SolutionGuid = {6FCAD68D-2BBF-4993-9F27-251040CEB461}
	EndGlobalSection
EndGlobal
